
Microsoft Visual Studio Solution File, Format Version 12.00
# Visual Studio Version 16
VisualStudioVersion = 16.0.31402.337
MinimumVisualStudioVersion = 10.0.40219.1
Project("{FAE04EC0-301F-11D3-BF4B-00C04F79EFBC}") = "Timely Travels", "Timely Travels\Timely Travels.csproj", "{13394666-9778-43EC-BB6D-5BBB93E3347E}"
EndProject
Global
	GlobalSection(SolutionConfigurationPlatforms) = preSolution
		Debug|Any CPU = Debug|Any CPU
		Release|Any CPU = Release|Any CPU
	EndGlobalSection
	GlobalSection(ProjectConfigurationPlatforms) = postSolution
		{13394666-9778-43EC-BB6D-5BBB93E3347E}.Debug|Any CPU.ActiveCfg = Debug|Any CPU
		{13394666-9778-43EC-BB6D-5BBB93E3347E}.Debug|Any CPU.Build.0 = Debug|Any CPU
		{13394666-9778-43EC-BB6D-5BBB93E3347E}.Release|Any CPU.ActiveCfg = Release|Any CPU
		{13394666-9778-43EC-BB6D-5BBB93E3347E}.Release|Any CPU.Build.0 = Release|Any CPU
	EndGlobalSection
	GlobalSection(SolutionProperties) = preSolution
		HideSolutionNode = FALSE
	EndGlobalSection
	GlobalSection(ExtensibilityGlobals) = postSolution
		SolutionGuid = {6EAD7AF9-A787-4609-A325-0828475352FC}
	EndGlobalSection
EndGlobal
